
Microsoft Visual Studio Solution File, Format Version 12.00
# Visual Studio Version 17
VisualStudioVersion = 17.3.32922.545
MinimumVisualStudioVersion = 10.0.40219.1
Project("{FAE04EC0-301F-11D3-BF4B-00C04F79EFBC}") = "Leagueoflegends", "Leagueoflegends\Leagueoflegends.csproj", "{9AEE78E8-9710-44AF-BE1F-C6EA3B7F6212}"
EndProject
Project("{2150E333-8FDC-42A3-9474-1A3956D46DE8}") = "05. Application", "05. Application", "{00C62750-C21A-42BB-9481-DAC791891EDF}"
EndProject
Project("{2150E333-8FDC-42A3-9474-1A3956D46DE8}") = "01. Based", "01. Based", "{DF0BA2FD-5C9F-4C01-B95C-458A39DA5F89}"
EndProject
Project("{2150E333-8FDC-42A3-9474-1A3956D46DE8}") = "02. Core", "02. Core", "{E2624422-75C1-4FCC-94B7-F8850207E1C5}"
EndProject
Project("{2150E333-8FDC-42A3-9474-1A3956D46DE8}") = "04. Presentation", "04. Presentation", "{CD0CB202-A235-49A5-88C8-F537BE2A660F}"
EndProject
Project("{2150E333-8FDC-42A3-9474-1A3956D46DE8}") = "03. Implements", "03. Implements", "{31F33B80-B01C-498C-BC51-417792AD3EA4}"
EndProject
Project("{FAE04EC0-301F-11D3-BF4B-00C04F79EFBC}") = "Leagueoflegends.Main", "Leagueoflegends.Main\Leagueoflegends.Main.csproj", "{6C8EF493-11D6-40DA-9993-047DC80B79A1}"
EndProject
Project("{FAE04EC0-301F-11D3-BF4B-00C04F79EFBC}") = "Leagueoflegends.Login", "Leagueoflegends.Login\Leagueoflegends.Login.csproj", "{427C20D2-E50B-48EB-9C1E-9BB47762449C}"
EndProject
Project("{FAE04EC0-301F-11D3-BF4B-00C04F79EFBC}") = "Leagueoflegends.Resources", "Leagueoflegends.Resources\Leagueoflegends.Resources.csproj", "{7399F943-6F8F-4682-B41C-164548C46D49}"
EndProject
Project("{FAE04EC0-301F-11D3-BF4B-00C04F79EFBC}") = "Leagueoflegends.PresentationSupport", "Leagueoflegends.PresentationSupport\Leagueoflegends.PresentationSupport.csproj", "{9CFD3F83-5CF9-4826-8936-0E570E21856D}"
EndProject
Project("{FAE04EC0-301F-11D3-BF4B-00C04F79EFBC}") = "Leagueoflegends.Converter", "Leagueoflegends.Converter\Leagueoflegends.Converter.csproj", "{5B2DE21A-CFF0-444D-99BF-C29636FDD057}"
EndProject
Project("{FAE04EC0-301F-11D3-BF4B-00C04F79EFBC}") = "Leagueoflegends.Controls", "Leagueoflegends.Controls\Leagueoflegends.Controls.csproj", "{582F3F1B-C355-41C7-9FB8-04A084CABEE9}"
EndProject
Project("{FAE04EC0-301F-11D3-BF4B-00C04F79EFBC}") = "Leagueoflegends.Data", "Leagueoflegends.Data\Leagueoflegends.Data.csproj", "{8F395DC3-3A23-4E8C-9029-20E968D362E1}"
EndProject
Project("{FAE04EC0-301F-11D3-BF4B-00C04F79EFBC}") = "Leagueoflegends.Windowbase", "Leagueoflegends.Windowbase\Leagueoflegends.Windowbase.csproj", "{A78582A9-B9F1-4E0B-8B10-1F94273E4FF5}"
EndProject
Global
	GlobalSection(SolutionConfigurationPlatforms) = preSolution
		Debug|Any CPU = Debug|Any CPU
		Release|Any CPU = Release|Any CPU
	EndGlobalSection
	GlobalSection(ProjectConfigurationPlatforms) = postSolution
		{9AEE78E8-9710-44AF-BE1F-C6EA3B7F6212}.Debug|Any CPU.ActiveCfg = Debug|Any CPU
		{9AEE78E8-9710-44AF-BE1F-C6EA3B7F6212}.Debug|Any CPU.Build.0 = Debug|Any CPU
		{9AEE78E8-9710-44AF-BE1F-C6EA3B7F6212}.Release|Any CPU.ActiveCfg = Release|Any CPU
		{9AEE78E8-9710-44AF-BE1F-C6EA3B7F6212}.Release|Any CPU.Build.0 = Release|Any CPU
		{6C8EF493-11D6-40DA-9993-047DC80B79A1}.Debug|Any CPU.ActiveCfg = Debug|Any CPU
		{6C8EF493-11D6-40DA-9993-047DC80B79A1}.Debug|Any CPU.Build.0 = Debug|Any CPU
		{6C8EF493-11D6-40DA-9993-047DC80B79A1}.Release|Any CPU.ActiveCfg = Release|Any CPU
		{6C8EF493-11D6-40DA-9993-047DC80B79A1}.Release|Any CPU.Build.0 = Release|Any CPU
		{427C20D2-E50B-48EB-9C1E-9BB47762449C}.Debug|Any CPU.ActiveCfg = Debug|Any CPU
		{427C20D2-E50B-48EB-9C1E-9BB47762449C}.Debug|Any CPU.Build.0 = Debug|Any CPU
		{427C20D2-E50B-48EB-9C1E-9BB47762449C}.Release|Any CPU.ActiveCfg = Release|Any CPU
		{427C20D2-E50B-48EB-9C1E-9BB47762449C}.Release|Any CPU.Build.0 = Release|Any CPU
		{7399F943-6F8F-4682-B41C-164548C46D49}.Debug|Any CPU.ActiveCfg = Debug|Any CPU
		{7399F943-6F8F-4682-B41C-164548C46D49}.Debug|Any CPU.Build.0 = Debug|Any CPU
		{7399F943-6F8F-4682-B41C-164548C46D49}.Release|Any CPU.ActiveCfg = Release|Any CPU
		{7399F943-6F8F-4682-B41C-164548C46D49}.Release|Any CPU.Build.0 = Release|Any CPU
		{9CFD3F83-5CF9-4826-8936-0E570E21856D}.Debug|Any CPU.ActiveCfg = Debug|Any CPU
		{9CFD3F83-5CF9-4826-8936-0E570E21856D}.Debug|Any CPU.Build.0 = Debug|Any CPU
		{9CFD3F83-5CF9-4826-8936-0E570E21856D}.Release|Any CPU.ActiveCfg = Release|Any CPU
		{9CFD3F83-5CF9-4826-8936-0E570E21856D}.Release|Any CPU.Build.0 = Release|Any CPU
		{5B2DE21A-CFF0-444D-99BF-C29636FDD057}.Debug|Any CPU.ActiveCfg = Debug|Any CPU
		{5B2DE21A-CFF0-444D-99BF-C29636FDD057}.Debug|Any CPU.Build.0 = Debug|Any CPU
		{5B2DE21A-CFF0-444D-99BF-C29636FDD057}.Release|Any CPU.ActiveCfg = Release|Any CPU
		{5B2DE21A-CFF0-444D-99BF-C29636FDD057}.Release|Any CPU.Build.0 = Release|Any CPU
		{582F3F1B-C355-41C7-9FB8-04A084CABEE9}.Debug|Any CPU.ActiveCfg = Debug|Any CPU
		{582F3F1B-C355-41C7-9FB8-04A084CABEE9}.Debug|Any CPU.Build.0 = Debug|Any CPU
		{582F3F1B-C355-41C7-9FB8-04A084CABEE9}.Release|Any CPU.ActiveCfg = Release|Any CPU
		{582F3F1B-C355-41C7-9FB8-04A084CABEE9}.Release|Any CPU.Build.0 = Release|Any CPU
		{8F395DC3-3A23-4E8C-9029-20E968D362E1}.Debug|Any CPU.ActiveCfg = Debug|Any CPU
		{8F395DC3-3A23-4E8C-9029-20E968D362E1}.Debug|Any CPU.Build.0 = Debug|Any CPU
		{8F395DC3-3A23-4E8C-9029-20E968D362E1}.Release|Any CPU.ActiveCfg = Release|Any CPU
		{8F395DC3-3A23-4E8C-9029-20E968D362E1}.Release|Any CPU.Build.0 = Release|Any CPU
		{A78582A9-B9F1-4E0B-8B10-1F94273E4FF5}.Debug|Any CPU.ActiveCfg = Debug|Any CPU
		{A78582A9-B9F1-4E0B-8B10-1F94273E4FF5}.Debug|Any CPU.Build.0 = Debug|Any CPU
		{A78582A9-B9F1-4E0B-8B10-1F94273E4FF5}.Release|Any CPU.ActiveCfg = Release|Any CPU
		{A78582A9-B9F1-4E0B-8B10-1F94273E4FF5}.Release|Any CPU.Build.0 = Release|Any CPU
	EndGlobalSection
	GlobalSection(SolutionProperties) = preSolution
		HideSolutionNode = FALSE
	EndGlobalSection
	GlobalSection(NestedProjects) = preSolution
		{9AEE78E8-9710-44AF-BE1F-C6EA3B7F6212} = {00C62750-C21A-42BB-9481-DAC791891EDF}
		{6C8EF493-11D6-40DA-9993-047DC80B79A1} = {CD0CB202-A235-49A5-88C8-F537BE2A660F}
		{427C20D2-E50B-48EB-9C1E-9BB47762449C} = {CD0CB202-A235-49A5-88C8-F537BE2A660F}
		{7399F943-6F8F-4682-B41C-164548C46D49} = {31F33B80-B01C-498C-BC51-417792AD3EA4}
		{9CFD3F83-5CF9-4826-8936-0E570E21856D} = {31F33B80-B01C-498C-BC51-417792AD3EA4}
		{5B2DE21A-CFF0-444D-99BF-C29636FDD057} = {E2624422-75C1-4FCC-94B7-F8850207E1C5}
		{582F3F1B-C355-41C7-9FB8-04A084CABEE9} = {E2624422-75C1-4FCC-94B7-F8850207E1C5}
		{8F395DC3-3A23-4E8C-9029-20E968D362E1} = {DF0BA2FD-5C9F-4C01-B95C-458A39DA5F89}
		{A78582A9-B9F1-4E0B-8B10-1F94273E4FF5} = {DF0BA2FD-5C9F-4C01-B95C-458A39DA5F89}
	EndGlobalSection
	GlobalSection(ExtensibilityGlobals) = postSolution
		SolutionGuid = {17F8C660-43B3-4948-BF7F-CFC1B838CA58}
	EndGlobalSection
EndGlobal
